// !$*UTF8*$!
{
	archiveVersion = 1;
	classes = {
	};
	objectVersion = 46;
	objects = {

/* Begin PBXBuildFile section */
		CE487AA81BF8E800006D720F /* TitleScreen.swift in Sources */ = {isa = PBXBuildFile; fileRef = CE487AA71BF8E800006D720F /* TitleScreen.swift */; };
		CE7286451BF2891500F2B004 /* AppDelegate.swift in Sources */ = {isa = PBXBuildFile; fileRef = CE7286441BF2891500F2B004 /* AppDelegate.swift */; };
		CE7286471BF2891500F2B004 /* GameScene.sks in Resources */ = {isa = PBXBuildFile; fileRef = CE7286461BF2891500F2B004 /* GameScene.sks */; };
		CE7286491BF2891500F2B004 /* GameScene.swift in Sources */ = {isa = PBXBuildFile; fileRef = CE7286481BF2891500F2B004 /* GameScene.swift */; };
		CE72864B1BF2891500F2B004 /* GameViewController.swift in Sources */ = {isa = PBXBuildFile; fileRef = CE72864A1BF2891500F2B004 /* GameViewController.swift */; };
		CE72864E1BF2891500F2B004 /* Main.storyboard in Resources */ = {isa = PBXBuildFile; fileRef = CE72864C1BF2891500F2B004 /* Main.storyboard */; };
		CE7286501BF2891500F2B004 /* Images.xcassets in Resources */ = {isa = PBXBuildFile; fileRef = CE72864F1BF2891500F2B004 /* Images.xcassets */; };
		CE7286531BF2891500F2B004 /* LaunchScreen.xib in Resources */ = {isa = PBXBuildFile; fileRef = CE7286511BF2891500F2B004 /* LaunchScreen.xib */; };
		CE72865F1BF2891500F2B004 /* AirHockeyTests.swift in Sources */ = {isa = PBXBuildFile; fileRef = CE72865E1BF2891500F2B004 /* AirHockeyTests.swift */; };
/* End PBXBuildFile section */

/* Begin PBXContainerItemProxy section */
		CE7286591BF2891500F2B004 /* PBXContainerItemProxy */ = {
			isa = PBXContainerItemProxy;
			containerPortal = CE7286371BF2891500F2B004 /* Project object */;
			proxyType = 1;
			remoteGlobalIDString = CE72863E1BF2891500F2B004;
			remoteInfo = AirHockey;
		};
/* End PBXContainerItemProxy section */

/* Begin PBXFileReference section */
		CE487AA71BF8E800006D720F /* TitleScreen.swift */ = {isa = PBXFileReference; fileEncoding = 4; lastKnownFileType = sourcecode.swift; path = TitleScreen.swift; sourceTree = "<group>"; };
		CE72863F1BF2891500F2B004 /* AirHockey.app */ = {isa = PBXFileReference; explicitFileType = wrapper.application; includeInIndex = 0; path = AirHockey.app; sourceTree = BUILT_PRODUCTS_DIR; };
		CE7286431BF2891500F2B004 /* Info.plist */ = {isa = PBXFileReference; lastKnownFileType = text.plist.xml; path = Info.plist; sourceTree = "<group>"; };
		CE7286441BF2891500F2B004 /* AppDelegate.swift */ = {isa = PBXFileReference; lastKnownFileType = sourcecode.swift; path = AppDelegate.swift; sourceTree = "<group>"; };
		CE7286461BF2891500F2B004 /* GameScene.sks */ = {isa = PBXFileReference; lastKnownFileType = file.sks; path = GameScene.sks; sourceTree = "<group>"; };
		CE7286481BF2891500F2B004 /* GameScene.swift */ = {isa = PBXFileReference; lastKnownFileType = sourcecode.swift; path = GameScene.swift; sourceTree = "<group>"; };
		CE72864A1BF2891500F2B004 /* GameViewController.swift */ = {isa = PBXFileReference; lastKnownFileType = sourcecode.swift; path = GameViewController.swift; sourceTree = "<group>"; };
		CE72864D1BF2891500F2B004 /* Base */ = {isa = PBXFileReference; lastKnownFileType = file.storyboard; name = Base; path = Base.lproj/Main.storyboard; sourceTree = "<group>"; };
		CE72864F1BF2891500F2B004 /* Images.xcassets */ = {isa = PBXFileReference; lastKnownFileType = folder.assetcatalog; path = Images.xcassets; sourceTree = "<group>"; };
		CE7286521BF2891500F2B004 /* Base */ = {isa = PBXFileReference; lastKnownFileType = file.xib; name = Base; path = Base.lproj/LaunchScreen.xib; sourceTree = "<group>"; };
		CE7286581BF2891500F2B004 /* AirHockeyTests.xctest */ = {isa = PBXFileReference; explicitFileType = wrapper.cfbundle; includeInIndex = 0; path = AirHockeyTests.xctest; sourceTree = BUILT_PRODUCTS_DIR; };
		CE72865D1BF2891500F2B004 /* Info.plist */ = {isa = PBXFileReference; lastKnownFileType = text.plist.xml; path = Info.plist; sourceTree = "<group>"; };
		CE72865E1BF2891500F2B004 /* AirHockeyTests.swift */ = {isa = PBXFileReference; lastKnownFileType = sourcecode.swift; path = AirHockeyTests.swift; sourceTree = "<group>"; };
/* End PBXFileReference section */

/* Begin PBXFrameworksBuildPhase section */
		CE72863C1BF2891500F2B004 /* Frameworks */ = {
			isa = PBXFrameworksBuildPhase;
			buildActionMask = 2147483647;
			files = (
			);
			runOnlyForDeploymentPostprocessing = 0;
		};
		CE7286551BF2891500F2B004 /* Frameworks */ = {
			isa = PBXFrameworksBuildPhase;
			buildActionMask = 2147483647;
			files = (
			);
			runOnlyForDeploymentPostprocessing = 0;
		};
/* End PBXFrameworksBuildPhase section */

/* Begin PBXGroup section */
		CE7286361BF2891500F2B004 = {
			isa = PBXGroup;
			children = (
				CE7286411BF2891500F2B004 /* AirHockey */,
				CE72865B1BF2891500F2B004 /* AirHockeyTests */,
				CE7286401BF2891500F2B004 /* Products */,
			);
			sourceTree = "<group>";
		};
		CE7286401BF2891500F2B004 /* Products */ = {
			isa = PBXGroup;
			children = (
				CE72863F1BF2891500F2B004 /* AirHockey.app */,
				CE7286581BF2891500F2B004 /* AirHockeyTests.xctest */,
			);
			name = Products;
			sourceTree = "<group>";
		};
		CE7286411BF2891500F2B004 /* AirHockey */ = {
			isa = PBXGroup;
			children = (
				CE7286441BF2891500F2B004 /* AppDelegate.swift */,
				CE7286461BF2891500F2B004 /* GameScene.sks */,
				CE7286481BF2891500F2B004 /* GameScene.swift */,
				CE72864A1BF2891500F2B004 /* GameViewController.swift */,
				CE72864C1BF2891500F2B004 /* Main.storyboard */,
				CE72864F1BF2891500F2B004 /* Images.xcassets */,
				CE7286511BF2891500F2B004 /* LaunchScreen.xib */,
				CE7286421BF2891500F2B004 /* Supporting Files */,
				CE487AA71BF8E800006D720F /* TitleScreen.swift */,
			);
			path = AirHockey;
			sourceTree = "<group>";
		};
		CE7286421BF2891500F2B004 /* Supporting Files */ = {
			isa = PBXGroup;
			children = (
				CE7286431BF2891500F2B004 /* Info.plist */,
			);
			name = "Supporting Files";
			sourceTree = "<group>";
		};
		CE72865B1BF2891500F2B004 /* AirHockeyTests */ = {
			isa = PBXGroup;
			children = (
				CE72865E1BF2891500F2B004 /* AirHockeyTests.swift */,
				CE72865C1BF2891500F2B004 /* Supporting Files */,
			);
			path = AirHockeyTests;
			sourceTree = "<group>";
		};
		CE72865C1BF2891500F2B004 /* Supporting Files */ = {
			isa = PBXGroup;
			children = (
				CE72865D1BF2891500F2B004 /* Info.plist */,
			);
			name = "Supporting Files";
			sourceTree = "<group>";
		};
/* End PBXGroup section */

/* Begin PBXNativeTarget section */
		CE72863E1BF2891500F2B004 /* AirHockey */ = {
			isa = PBXNativeTarget;
			buildConfigurationList = CE7286621BF2891500F2B004 /* Build configuration list for PBXNativeTarget "AirHockey" */;
			buildPhases = (
				CE72863B1BF2891500F2B004 /* Sources */,
				CE72863C1BF2891500F2B004 /* Frameworks */,
				CE72863D1BF2891500F2B004 /* Resources */,
			);
			buildRules = (
			);
			dependencies = (
			);
			name = AirHockey;
			productName = AirHockey;
			productReference = CE72863F1BF2891500F2B004 /* AirHockey.app */;
			productType = "com.apple.product-type.application";
		};
		CE7286571BF2891500F2B004 /* AirHockeyTests */ = {
			isa = PBXNativeTarget;
			buildConfigurationList = CE7286651BF2891500F2B004 /* Build configuration list for PBXNativeTarget "AirHockeyTests" */;
			buildPhases = (
				CE7286541BF2891500F2B004 /* Sources */,
				CE7286551BF2891500F2B004 /* Frameworks */,
				CE7286561BF2891500F2B004 /* Resources */,
			);
			buildRules = (
			);
			dependencies = (
				CE72865A1BF2891500F2B004 /* PBXTargetDependency */,
			);
			name = AirHockeyTests;
			productName = AirHockeyTests;
			productReference = CE7286581BF2891500F2B004 /* AirHockeyTests.xctest */;
			productType = "com.apple.product-type.bundle.unit-test";
		};
/* End PBXNativeTarget section */

/* Begin PBXProject section */
		CE7286371BF2891500F2B004 /* Project object */ = {
			isa = PBXProject;
			attributes = {
				LastUpgradeCheck = 0640;
				ORGANIZATIONNAME = Harry;
				TargetAttributes = {
					CE72863E1BF2891500F2B004 = {
						CreatedOnToolsVersion = 6.4;
					};
					CE7286571BF2891500F2B004 = {
						CreatedOnToolsVersion = 6.4;
						TestTargetID = CE72863E1BF2891500F2B004;
					};
				};
			};
			buildConfigurationList = CE72863A1BF2891500F2B004 /* Build configuration list for PBXProject "AirHockey" */;
			compatibilityVersion = "Xcode 3.2";
			developmentRegion = English;
			hasScannedForEncodings = 0;
			knownRegions = (
				en,
				Base,
			);
			mainGroup = CE7286361BF2891500F2B004;
			productRefGroup = CE7286401BF2891500F2B004 /* Products */;
			projectDirPath = "";
			projectRoot = "";
			targets = (
				CE72863E1BF2891500F2B004 /* AirHockey */,
				CE7286571BF2891500F2B004 /* AirHockeyTests */,
			);
		};
/* End PBXProject section */

/* Begin PBXResourcesBuildPhase section */
		CE72863D1BF2891500F2B004 /* Resources */ = {
			isa = PBXResourcesBuildPhase;
			buildActionMask = 2147483647;
			files = (
				CE7286531BF2891500F2B004 /* LaunchScreen.xib in Resources */,
				CE7286501BF2891500F2B004 /* Images.xcassets in Resources */,
				CE7286471BF2891500F2B004 /* GameScene.sks in Resources */,
				CE72864E1BF2891500F2B004 /* Main.storyboard in Resources */,
			);
			runOnlyForDeploymentPostprocessing = 0;
		};
		CE7286561BF2891500F2B004 /* Resources */ = {
			isa = PBXResourcesBuildPhase;
			buildActionMask = 2147483647;
			files = (
			);
			runOnlyForDeploymentPostprocessing = 0;
		};
/* End PBXResourcesBuildPhase section */

/* Begin PBXSourcesBuildPhase section */
		CE72863B1BF2891500F2B004 /* Sources */ = {
			isa = PBXSourcesBuildPhase;
			buildActionMask = 2147483647;
			files = (
				CE7286491BF2891500F2B004 /* GameScene.swift in Sources */,
				CE72864B1BF2891500F2B004 /* GameViewController.swift in Sources */,
				CE487AA81BF8E800006D720F /* TitleScreen.swift in Sources */,
				CE7286451BF2891500F2B004 /* AppDelegate.swift in Sources */,
			);
			runOnlyForDeploymentPostprocessing = 0;
		};
		CE7286541BF2891500F2B004 /* Sources */ = {
			isa = PBXSourcesBuildPhase;
			buildActionMask = 2147483647;
			files = (
				CE72865F1BF2891500F2B004 /* AirHockeyTests.swift in Sources */,
			);
			runOnlyForDeploymentPostprocessing = 0;
		};
/* End PBXSourcesBuildPhase section */

/* Begin PBXTargetDependency section */
		CE72865A1BF2891500F2B004 /* PBXTargetDependency */ = {
			isa = PBXTargetDependency;
			target = CE72863E1BF2891500F2B004 /* AirHockey */;
			targetProxy = CE7286591BF2891500F2B004 /* PBXContainerItemProxy */;
		};
/* End PBXTargetDependency section */

/* Begin PBXVariantGroup section */
		CE72864C1BF2891500F2B004 /* Main.storyboard */ = {
			isa = PBXVariantGroup;
			children = (
				CE72864D1BF2891500F2B004 /* Base */,
			);
			name = Main.storyboard;
			sourceTree = "<group>";
		};
		CE7286511BF2891500F2B004 /* LaunchScreen.xib */ = {
			isa = PBXVariantGroup;
			children = (
				CE7286521BF2891500F2B004 /* Base */,
			);
			name = LaunchScreen.xib;
			sourceTree = "<group>";
		};
/* End PBXVariantGroup section */

/* Begin XCBuildConfiguration section */
		CE7286601BF2891500F2B004 /* Debug */ = {
			isa = XCBuildConfiguration;
			buildSettings = {
				ALWAYS_SEARCH_USER_PATHS = NO;
				CLANG_CXX_LANGUAGE_STANDARD = "gnu++0x";
				CLANG_CXX_LIBRARY = "libc++";
				CLANG_ENABLE_MODULES = YES;
				CLANG_ENABLE_OBJC_ARC = YES;
				CLANG_WARN_BOOL_CONVERSION = YES;
				CLANG_WARN_CONSTANT_CONVERSION = YES;
				CLANG_WARN_DIRECT_OBJC_ISA_USAGE = YES_ERROR;
				CLANG_WARN_EMPTY_BODY = YES;
				CLANG_WARN_ENUM_CONVERSION = YES;
				CLANG_WARN_INT_CONVERSION = YES;
				CLANG_WARN_OBJC_ROOT_CLASS = YES_ERROR;
				CLANG_WARN_UNREACHABLE_CODE = YES;
				CLANG_WARN__DUPLICATE_METHOD_MATCH = YES;
				"CODE_SIGN_IDENTITY[sdk=iphoneos*]" = "iPhone Developer";
				COPY_PHASE_STRIP = NO;
				DEBUG_INFORMATION_FORMAT = "dwarf-with-dsym";
				ENABLE_STRICT_OBJC_MSGSEND = YES;
				GCC_C_LANGUAGE_STANDARD = gnu99;
				GCC_DYNAMIC_NO_PIC = NO;
				GCC_NO_COMMON_BLOCKS = YES;
				GCC_OPTIMIZATION_LEVEL = 0;
				GCC_PREPROCESSOR_DEFINITIONS = (
					"DEBUG=1",
					"$(inherited)",
				);
				GCC_SYMBOLS_PRIVATE_EXTERN = NO;
				GCC_WARN_64_TO_32_BIT_CONVERSION = YES;
				GCC_WARN_ABOUT_RETURN_TYPE = YES_ERROR;
				GCC_WARN_UNDECLARED_SELECTOR = YES;
				GCC_WARN_UNINITIALIZED_AUTOS = YES_AGGRESSIVE;
				GCC_WARN_UNUSED_FUNCTION = YES;
				GCC_WARN_UNUSED_VARIABLE = YES;
				IPHONEOS_DEPLOYMENT_TARGET = 8.4;
				MTL_ENABLE_DEBUG_INFO = YES;
				ONLY_ACTIVE_ARCH = YES;
				SDKROOT = iphoneos;
				SWIFT_OPTIMIZATION_LEVEL = "-Onone";
				TARGETED_DEVICE_FAMILY = "1,2";
			};
			name = Debug;
		};
		CE7286611BF2891500F2B004 /* Release */ = {
			isa = XCBuildConfiguration;
			buildSettings = {
				ALWAYS_SEARCH_USER_PATHS = NO;
				CLANG_CXX_LANGUAGE_STANDARD = "gnu++0x";
				CLANG_CXX_LIBRARY = "libc++";
				CLANG_ENABLE_MODULES = YES;
				CLANG_ENABLE_OBJC_ARC = YES;
				CLANG_WARN_BOOL_CONVERSION = YES;
				CLANG_WARN_CONSTANT_CONVERSION = YES;
				CLANG_WARN_DIRECT_OBJC_ISA_USAGE = YES_ERROR;
				CLANG_WARN_EMPTY_BODY = YES;
				CLANG_WARN_ENUM_CONVERSION = YES;
				CLANG_WARN_INT_CONVERSION = YES;
				CLANG_WARN_OBJC_ROOT_CLASS = YES_ERROR;
				CLANG_WARN_UNREACHABLE_CODE = YES;
				CLANG_WARN__DUPLICATE_METHOD_MATCH = YES;
				"CODE_SIGN_IDENTITY[sdk=iphoneos*]" = "iPhone Developer";
				COPY_PHASE_STRIP = NO;
				DEBUG_INFORMATION_FORMAT = "dwarf-with-dsym";
				ENABLE_NS_ASSERTIONS = NO;
				ENABLE_STRICT_OBJC_MSGSEND = YES;
				GCC_C_LANGUAGE_STANDARD = gnu99;
				GCC_NO_COMMON_BLOCKS = YES;
				GCC_WARN_64_TO_32_BIT_CONVERSION = YES;
				GCC_WARN_ABOUT_RETURN_TYPE = YES_ERROR;
				GCC_WARN_UNDECLARED_SELECTOR = YES;
				GCC_WARN_UNINITIALIZED_AUTOS = YES_AGGRESSIVE;
				GCC_WARN_UNUSED_FUNCTION = YES;
				GCC_WARN_UNUSED_VARIABLE = YES;
				IPHONEOS_DEPLOYMENT_TARGET = 8.4;
				MTL_ENABLE_DEBUG_INFO = NO;
				SDKROOT = iphoneos;
				TARGETED_DEVICE_FAMILY = "1,2";
				VALIDATE_PRODUCT = YES;
			};
			name = Release;
		};
		CE7286631BF2891500F2B004 /* Debug */ = {
			isa = XCBuildConfiguration;
			buildSettings = {
				ASSETCATALOG_COMPILER_APPICON_NAME = AppIcon;
				INFOPLIST_FILE = AirHockey/Info.plist;
				LD_RUNPATH_SEARCH_PATHS = "$(inherited) @executable_path/Frameworks";
				PRODUCT_NAME = "$(TARGET_NAME)";
			};
			name = Debug;
		};
		CE7286641BF2891500F2B004 /* Release */ = {
			isa = XCBuildConfiguration;
			buildSettings = {
				ASSETCATALOG_COMPILER_APPICON_NAME = AppIcon;
				INFOPLIST_FILE = AirHockey/Info.plist;
				LD_RUNPATH_SEARCH_PATHS = "$(inherited) @executable_path/Frameworks";
				PRODUCT_NAME = "$(TARGET_NAME)";
			};
			name = Release;
		};
		CE7286661BF2891500F2B004 /* Debug */ = {
			isa = XCBuildConfiguration;
			buildSettings = {
				BUNDLE_LOADER = "$(TEST_HOST)";
				FRAMEWORK_SEARCH_PATHS = (
					"$(SDKROOT)/Developer/Library/Frameworks",
					"$(inherited)",
				);
				GCC_PREPROCESSOR_DEFINITIONS = (
					"DEBUG=1",
					"$(inherited)",
				);
				INFOPLIST_FILE = AirHockeyTests/Info.plist;
				LD_RUNPATH_SEARCH_PATHS = "$(inherited) @executable_path/Frameworks @loader_path/Frameworks";
				PRODUCT_NAME = "$(TARGET_NAME)";
				TEST_HOST = "$(BUILT_PRODUCTS_DIR)/AirHockey.app/AirHockey";
			};
			name = Debug;
		};
		CE7286671BF2891500F2B004 /* Release */ = {
			isa = XCBuildConfiguration;
			buildSettings = {
				BUNDLE_LOADER = "$(TEST_HOST)";
				FRAMEWORK_SEARCH_PATHS = (
					"$(SDKROOT)/Developer/Library/Frameworks",
					"$(inherited)",
				);
				INFOPLIST_FILE = AirHockeyTests/Info.plist;
				LD_RUNPATH_SEARCH_PATHS = "$(inherited) @executable_path/Frameworks @loader_path/Frameworks";
				PRODUCT_NAME = "$(TARGET_NAME)";
				TEST_HOST = "$(BUILT_PRODUCTS_DIR)/AirHockey.app/AirHockey";
			};
			name = Release;
		};
/* End XCBuildConfiguration section */

/* Begin XCConfigurationList section */
		CE72863A1BF2891500F2B004 /* Build configuration list for PBXProject "AirHockey" */ = {
			isa = XCConfigurationList;
			buildConfigurations = (
				CE7286601BF2891500F2B004 /* Debug */,
				CE7286611BF2891500F2B004 /* Release */,
			);
			defaultConfigurationIsVisible = 0;
			defaultConfigurationName = Release;
		};
		CE7286621BF2891500F2B004 /* Build configuration list for PBXNativeTarget "AirHockey" */ = {
			isa = XCConfigurationList;
			buildConfigurations = (
				CE7286631BF2891500F2B004 /* Debug */,
				CE7286641BF2891500F2B004 /* Release */,
			);
			defaultConfigurationIsVisible = 0;
			defaultConfigurationName = Release;
		};
		CE7286651BF2891500F2B004 /* Build configuration list for PBXNativeTarget "AirHockeyTests" */ = {
			isa = XCConfigurationList;
			buildConfigurations = (
				CE7286661BF2891500F2B004 /* Debug */,
				CE7286671BF2891500F2B004 /* Release */,
			);
			defaultConfigurationIsVisible = 0;
			defaultConfigurationName = Release;
		};
/* End XCConfigurationList section */
	};
	rootObject = CE7286371BF2891500F2B004 /* Project object */;
}
